
Microsoft Visual Studio Solution File, Format Version 12.00
# Visual Studio Version 16
VisualStudioVersion = 16.0.30011.22
MinimumVisualStudioVersion = 10.0.40219.1
Project("{FAE04EC0-301F-11D3-BF4B-00C04F79EFBC}") = "MarsRover.MVC", "MarsRover.UI\MarsRover.MVC.csproj", "{26815A28-23B2-4318-989C-034D5F9882A0}"
EndProject
Project("{FAE04EC0-301F-11D3-BF4B-00C04F79EFBC}") = "MarsRover.Service", "MarsRover.Service\MarsRover.Service.csproj", "{8A4D9EBA-4646-4BA7-8ADD-3BC409AA053A}"
EndProject
Global
	GlobalSection(SolutionConfigurationPlatforms) = preSolution
		Debug|Any CPU = Debug|Any CPU
		Release|Any CPU = Release|Any CPU
	EndGlobalSection
	GlobalSection(ProjectConfigurationPlatforms) = postSolution
		{26815A28-23B2-4318-989C-034D5F9882A0}.Debug|Any CPU.ActiveCfg = Debug|Any CPU
		{26815A28-23B2-4318-989C-034D5F9882A0}.Debug|Any CPU.Build.0 = Debug|Any CPU
		{26815A28-23B2-4318-989C-034D5F9882A0}.Release|Any CPU.ActiveCfg = Release|Any CPU
		{26815A28-23B2-4318-989C-034D5F9882A0}.Release|Any CPU.Build.0 = Release|Any CPU
		{8A4D9EBA-4646-4BA7-8ADD-3BC409AA053A}.Debug|Any CPU.ActiveCfg = Debug|Any CPU
		{8A4D9EBA-4646-4BA7-8ADD-3BC409AA053A}.Debug|Any CPU.Build.0 = Debug|Any CPU
		{8A4D9EBA-4646-4BA7-8ADD-3BC409AA053A}.Release|Any CPU.ActiveCfg = Release|Any CPU
		{8A4D9EBA-4646-4BA7-8ADD-3BC409AA053A}.Release|Any CPU.Build.0 = Release|Any CPU
	EndGlobalSection
	GlobalSection(SolutionProperties) = preSolution
		HideSolutionNode = FALSE
	EndGlobalSection
	GlobalSection(ExtensibilityGlobals) = postSolution
		SolutionGuid = {4162C387-7AC4-4702-83F7-48E4D6D83D08}
	EndGlobalSection
EndGlobal
